
Microsoft Visual Studio Solution File, Format Version 12.00
# Visual Studio Version 17
VisualStudioVersion = 17.0.31903.59
MinimumVisualStudioVersion = 10.0.40219.1
Project("{FAE04EC0-301F-11D3-BF4B-00C04F79EFBC}") = "KeyValApi", "KeyValApi\KeyValApi.csproj", "{D408A227-4F88-4243-8F80-3F05FAE4A6A4}"
EndProject
Project("{FAE04EC0-301F-11D3-BF4B-00C04F79EFBC}") = "KeyValTests", "KeyValTests\KeyValTests.csproj", "{473C7D31-6916-4FCA-9725-4C799495A456}"
EndProject
Global
	GlobalSection(SolutionConfigurationPlatforms) = preSolution
		Debug|Any CPU = Debug|Any CPU
		Release|Any CPU = Release|Any CPU
	EndGlobalSection
	GlobalSection(SolutionProperties) = preSolution
		HideSolutionNode = FALSE
	EndGlobalSection
	GlobalSection(ProjectConfigurationPlatforms) = postSolution
		{D408A227-4F88-4243-8F80-3F05FAE4A6A4}.Debug|Any CPU.ActiveCfg = Debug|Any CPU
		{D408A227-4F88-4243-8F80-3F05FAE4A6A4}.Debug|Any CPU.Build.0 = Debug|Any CPU
		{D408A227-4F88-4243-8F80-3F05FAE4A6A4}.Release|Any CPU.ActiveCfg = Release|Any CPU
		{D408A227-4F88-4243-8F80-3F05FAE4A6A4}.Release|Any CPU.Build.0 = Release|Any CPU
		{473C7D31-6916-4FCA-9725-4C799495A456}.Debug|Any CPU.ActiveCfg = Debug|Any CPU
		{473C7D31-6916-4FCA-9725-4C799495A456}.Debug|Any CPU.Build.0 = Debug|Any CPU
		{473C7D31-6916-4FCA-9725-4C799495A456}.Release|Any CPU.ActiveCfg = Release|Any CPU
		{473C7D31-6916-4FCA-9725-4C799495A456}.Release|Any CPU.Build.0 = Release|Any CPU
	EndGlobalSection
EndGlobal
